
Microsoft Visual Studio Solution File, Format Version 12.00
# Visual Studio Version 17
VisualStudioVersion = 17.10.35027.167
MinimumVisualStudioVersion = 10.0.40219.1
Project("{FAE04EC0-301F-11D3-BF4B-00C04F79EFBC}") = "Problema sem Orientação a objetos", "Problema sem Orientação a objetos\Problema sem Orientação a objetos.csproj", "{BB702C7A-11B0-4CF2-BB35-BEA36BEE8067}"
EndProject
Global
	GlobalSection(SolutionConfigurationPlatforms) = preSolution
		Debug|Any CPU = Debug|Any CPU
		Release|Any CPU = Release|Any CPU
	EndGlobalSection
	GlobalSection(ProjectConfigurationPlatforms) = postSolution
		{BB702C7A-11B0-4CF2-BB35-BEA36BEE8067}.Debug|Any CPU.ActiveCfg = Debug|Any CPU
		{BB702C7A-11B0-4CF2-BB35-BEA36BEE8067}.Debug|Any CPU.Build.0 = Debug|Any CPU
		{BB702C7A-11B0-4CF2-BB35-BEA36BEE8067}.Release|Any CPU.ActiveCfg = Release|Any CPU
		{BB702C7A-11B0-4CF2-BB35-BEA36BEE8067}.Release|Any CPU.Build.0 = Release|Any CPU
	EndGlobalSection
	GlobalSection(SolutionProperties) = preSolution
		HideSolutionNode = FALSE
	EndGlobalSection
	GlobalSection(ExtensibilityGlobals) = postSolution
		SolutionGuid = {4AF058E7-BF77-4590-9FC1-514921F27F69}
	EndGlobalSection
EndGlobal
